
Microsoft Visual Studio Solution File, Format Version 12.00
# Visual Studio Version 16
VisualStudioVersion = 16.0.30309.148
MinimumVisualStudioVersion = 10.0.40219.1
Project("{FAE04EC0-301F-11D3-BF4B-00C04F79EFBC}") = "WebApiSegura", "WebApiSegura\WebApiSegura.csproj", "{BCFF6BB8-2B7E-493E-A88F-276A56A7C99F}"
EndProject
Global
	GlobalSection(SolutionConfigurationPlatforms) = preSolution
		Debug|Any CPU = Debug|Any CPU
		Release|Any CPU = Release|Any CPU
	EndGlobalSection
	GlobalSection(ProjectConfigurationPlatforms) = postSolution
		{BCFF6BB8-2B7E-493E-A88F-276A56A7C99F}.Debug|Any CPU.ActiveCfg = Debug|Any CPU
		{BCFF6BB8-2B7E-493E-A88F-276A56A7C99F}.Debug|Any CPU.Build.0 = Debug|Any CPU
		{BCFF6BB8-2B7E-493E-A88F-276A56A7C99F}.Release|Any CPU.ActiveCfg = Release|Any CPU
		{BCFF6BB8-2B7E-493E-A88F-276A56A7C99F}.Release|Any CPU.Build.0 = Release|Any CPU
	EndGlobalSection
	GlobalSection(SolutionProperties) = preSolution
		HideSolutionNode = FALSE
	EndGlobalSection
	GlobalSection(ExtensibilityGlobals) = postSolution
		SolutionGuid = {A02150A2-ADC5-4638-9EA7-696017A7C55E}
	EndGlobalSection
EndGlobal
